// !$*UTF8*$!
{
	archiveVersion = 1;
	classes = {
	};
	objectVersion = 50;
	objects = {

/* Begin PBXBuildFile section */
		1C2912F12486DA5D00C96A84 /* ConfigUsuario.storyboard in Resources */ = {isa = PBXBuildFile; fileRef = 1C2912F02486DA5D00C96A84 /* ConfigUsuario.storyboard */; };
		1C2912F32486DD7300C96A84 /* ConfigUsuario.swift in Sources */ = {isa = PBXBuildFile; fileRef = 1C2912F22486DD7300C96A84 /* ConfigUsuario.swift */; };
		1C95EA3124818168001BE5E5 /* PrincipalViewController.swift in Sources */ = {isa = PBXBuildFile; fileRef = 1C95EA3024818168001BE5E5 /* PrincipalViewController.swift */; };
		1CC4B04B248AC8C800BC3CB7 /* AlterarNomeViewController.swift in Sources */ = {isa = PBXBuildFile; fileRef = 1CC4B04A248AC8C800BC3CB7 /* AlterarNomeViewController.swift */; };
		1CD24F36247DCC170064B62F /* AppDelegate.swift in Sources */ = {isa = PBXBuildFile; fileRef = 1CD24F35247DCC170064B62F /* AppDelegate.swift */; };
		1CD24F38247DCC170064B62F /* SceneDelegate.swift in Sources */ = {isa = PBXBuildFile; fileRef = 1CD24F37247DCC170064B62F /* SceneDelegate.swift */; };
		1CD24F3A247DCC170064B62F /* ViewController.swift in Sources */ = {isa = PBXBuildFile; fileRef = 1CD24F39247DCC170064B62F /* ViewController.swift */; };
		1CD24F40247DCC170064B62F /* nano4.xcdatamodeld in Sources */ = {isa = PBXBuildFile; fileRef = 1CD24F3E247DCC170064B62F /* nano4.xcdatamodeld */; };
		1CD24F42247DCC190064B62F /* Assets.xcassets in Resources */ = {isa = PBXBuildFile; fileRef = 1CD24F41247DCC190064B62F /* Assets.xcassets */; };
		1CD24F45247DCC190064B62F /* LaunchScreen.storyboard in Resources */ = {isa = PBXBuildFile; fileRef = 1CD24F43247DCC190064B62F /* LaunchScreen.storyboard */; };
		1CD24F9B247EEE410064B62F /* ExtensionImage.swift in Sources */ = {isa = PBXBuildFile; fileRef = 1CD24F9A247EEE410064B62F /* ExtensionImage.swift */; };
		1CDD412724888D2C004A88DC /* TelaPrincipal.storyboard in Resources */ = {isa = PBXBuildFile; fileRef = 1CDD412624888D2C004A88DC /* TelaPrincipal.storyboard */; };
		E13952572480329E00DDE2C7 /* ListarFilmeSerie.storyboard in Resources */ = {isa = PBXBuildFile; fileRef = E13952562480329E00DDE2C7 /* ListarFilmeSerie.storyboard */; };
		E1395259248032DD00DDE2C7 /* ListarFilmeSerieViewController.swift in Sources */ = {isa = PBXBuildFile; fileRef = E1395258248032DD00DDE2C7 /* ListarFilmeSerieViewController.swift */; };
		E139525B2480331800DDE2C7 /* CadastrarFilmeSerieViewController.swift in Sources */ = {isa = PBXBuildFile; fileRef = E139525A2480331800DDE2C7 /* CadastrarFilmeSerieViewController.swift */; };
		E139525D2480332A00DDE2C7 /* CadastrarFilmeSerie.storyboard in Resources */ = {isa = PBXBuildFile; fileRef = E139525C2480332A00DDE2C7 /* CadastrarFilmeSerie.storyboard */; };
		E188B5F224898399000CF64E /* CadastrarUsuarioViewController.swift in Sources */ = {isa = PBXBuildFile; fileRef = E188B5F124898399000CF64E /* CadastrarUsuarioViewController.swift */; };
		E188B5F424899167000CF64E /* Main.storyboard in Resources */ = {isa = PBXBuildFile; fileRef = E188B5F324899167000CF64E /* Main.storyboard */; };
/* End PBXBuildFile section */

/* Begin PBXFileReference section */
		1C2912F02486DA5D00C96A84 /* ConfigUsuario.storyboard */ = {isa = PBXFileReference; lastKnownFileType = file.storyboard; path = ConfigUsuario.storyboard; sourceTree = "<group>"; };
		1C2912F22486DD7300C96A84 /* ConfigUsuario.swift */ = {isa = PBXFileReference; lastKnownFileType = sourcecode.swift; path = ConfigUsuario.swift; sourceTree = "<group>"; };
		1C95EA3024818168001BE5E5 /* PrincipalViewController.swift */ = {isa = PBXFileReference; lastKnownFileType = sourcecode.swift; path = PrincipalViewController.swift; sourceTree = "<group>"; };
		1CC4B04A248AC8C800BC3CB7 /* AlterarNomeViewController.swift */ = {isa = PBXFileReference; lastKnownFileType = sourcecode.swift; path = AlterarNomeViewController.swift; sourceTree = "<group>"; };
		1CD24F32247DCC170064B62F /* Watch Time.app */ = {isa = PBXFileReference; explicitFileType = wrapper.application; includeInIndex = 0; path = "Watch Time.app"; sourceTree = BUILT_PRODUCTS_DIR; };
		1CD24F35247DCC170064B62F /* AppDelegate.swift */ = {isa = PBXFileReference; lastKnownFileType = sourcecode.swift; path = AppDelegate.swift; sourceTree = "<group>"; };
		1CD24F37247DCC170064B62F /* SceneDelegate.swift */ = {isa = PBXFileReference; lastKnownFileType = sourcecode.swift; path = SceneDelegate.swift; sourceTree = "<group>"; };
		1CD24F39247DCC170064B62F /* ViewController.swift */ = {isa = PBXFileReference; lastKnownFileType = sourcecode.swift; path = ViewController.swift; sourceTree = "<group>"; };
		1CD24F3F247DCC170064B62F /* nano4.xcdatamodel */ = {isa = PBXFileReference; lastKnownFileType = wrapper.xcdatamodel; path = nano4.xcdatamodel; sourceTree = "<group>"; };
		1CD24F41247DCC190064B62F /* Assets.xcassets */ = {isa = PBXFileReference; lastKnownFileType = folder.assetcatalog; path = Assets.xcassets; sourceTree = "<group>"; };
		1CD24F44247DCC190064B62F /* Base */ = {isa = PBXFileReference; lastKnownFileType = file.storyboard; name = Base; path = Base.lproj/LaunchScreen.storyboard; sourceTree = "<group>"; };
		1CD24F46247DCC190064B62F /* Info.plist */ = {isa = PBXFileReference; lastKnownFileType = text.plist.xml; path = Info.plist; sourceTree = "<group>"; };
		1CD24F9A247EEE410064B62F /* ExtensionImage.swift */ = {isa = PBXFileReference; lastKnownFileType = sourcecode.swift; path = ExtensionImage.swift; sourceTree = "<group>"; };
		1CDD412624888D2C004A88DC /* TelaPrincipal.storyboard */ = {isa = PBXFileReference; lastKnownFileType = file.storyboard; path = TelaPrincipal.storyboard; sourceTree = "<group>"; };
		E13952562480329E00DDE2C7 /* ListarFilmeSerie.storyboard */ = {isa = PBXFileReference; lastKnownFileType = file.storyboard; path = ListarFilmeSerie.storyboard; sourceTree = "<group>"; };
		E1395258248032DD00DDE2C7 /* ListarFilmeSerieViewController.swift */ = {isa = PBXFileReference; lastKnownFileType = sourcecode.swift; path = ListarFilmeSerieViewController.swift; sourceTree = "<group>"; };
		E139525A2480331800DDE2C7 /* CadastrarFilmeSerieViewController.swift */ = {isa = PBXFileReference; lastKnownFileType = sourcecode.swift; path = CadastrarFilmeSerieViewController.swift; sourceTree = "<group>"; };
		E139525C2480332A00DDE2C7 /* CadastrarFilmeSerie.storyboard */ = {isa = PBXFileReference; lastKnownFileType = file.storyboard; path = CadastrarFilmeSerie.storyboard; sourceTree = "<group>"; };
		E188B5F124898399000CF64E /* CadastrarUsuarioViewController.swift */ = {isa = PBXFileReference; lastKnownFileType = sourcecode.swift; path = CadastrarUsuarioViewController.swift; sourceTree = "<group>"; };
		E188B5F324899167000CF64E /* Main.storyboard */ = {isa = PBXFileReference; lastKnownFileType = file.storyboard; path = Main.storyboard; sourceTree = "<group>"; };
/* End PBXFileReference section */

/* Begin PBXFrameworksBuildPhase section */
		1CD24F2F247DCC170064B62F /* Frameworks */ = {
			isa = PBXFrameworksBuildPhase;
			buildActionMask = 2147483647;
			files = (
			);
			runOnlyForDeploymentPostprocessing = 0;
		};
/* End PBXFrameworksBuildPhase section */

/* Begin PBXGroup section */
		1CD24F29247DCC170064B62F = {
			isa = PBXGroup;
			children = (
				1CD24F34247DCC170064B62F /* nano4 */,
				1CD24F33247DCC170064B62F /* Products */,
			);
			sourceTree = "<group>";
		};
		1CD24F33247DCC170064B62F /* Products */ = {
			isa = PBXGroup;
			children = (
				1CD24F32247DCC170064B62F /* Watch Time.app */,
			);
			name = Products;
			sourceTree = "<group>";
		};
		1CD24F34247DCC170064B62F /* nano4 */ = {
			isa = PBXGroup;
			children = (
				E139525E2480341E00DDE2C7 /* Storyboards */,
				E1395260248034C700DDE2C7 /* ViewControllers */,
				1CD24F9A247EEE410064B62F /* ExtensionImage.swift */,
				1CD24F35247DCC170064B62F /* AppDelegate.swift */,
				1CD24F37247DCC170064B62F /* SceneDelegate.swift */,
				1CD24F41247DCC190064B62F /* Assets.xcassets */,
				1CD24F46247DCC190064B62F /* Info.plist */,
				1CD24F3E247DCC170064B62F /* nano4.xcdatamodeld */,
			);
			path = nano4;
			sourceTree = "<group>";
		};
		E139525E2480341E00DDE2C7 /* Storyboards */ = {
			isa = PBXGroup;
			children = (
				1CD24F43247DCC190064B62F /* LaunchScreen.storyboard */,
				E13952562480329E00DDE2C7 /* ListarFilmeSerie.storyboard */,
				1CDD412624888D2C004A88DC /* TelaPrincipal.storyboard */,
				E139525C2480332A00DDE2C7 /* CadastrarFilmeSerie.storyboard */,
				1C2912F02486DA5D00C96A84 /* ConfigUsuario.storyboard */,
				E188B5F324899167000CF64E /* Main.storyboard */,
			);
			path = Storyboards;
			sourceTree = "<group>";
		};
		E1395260248034C700DDE2C7 /* ViewControllers */ = {
			isa = PBXGroup;
			children = (
				1CD24F39247DCC170064B62F /* ViewController.swift */,
				1C95EA3024818168001BE5E5 /* PrincipalViewController.swift */,
				E1395258248032DD00DDE2C7 /* ListarFilmeSerieViewController.swift */,
				E139525A2480331800DDE2C7 /* CadastrarFilmeSerieViewController.swift */,
				1C2912F22486DD7300C96A84 /* ConfigUsuario.swift */,
				1CC4B04A248AC8C800BC3CB7 /* AlterarNomeViewController.swift */,
				E188B5F124898399000CF64E /* CadastrarUsuarioViewController.swift */,
			);
			path = ViewControllers;
			sourceTree = "<group>";
		};
/* End PBXGroup section */

/* Begin PBXNativeTarget section */
		1CD24F31247DCC170064B62F /* nano4 */ = {
			isa = PBXNativeTarget;
			buildConfigurationList = 1CD24F49247DCC190064B62F /* Build configuration list for PBXNativeTarget "nano4" */;
			buildPhases = (
				1CD24F2E247DCC170064B62F /* Sources */,
				1CD24F2F247DCC170064B62F /* Frameworks */,
				1CD24F30247DCC170064B62F /* Resources */,
			);
			buildRules = (
			);
			dependencies = (
			);
			name = nano4;
			productName = nano4;
			productReference = 1CD24F32247DCC170064B62F /* Watch Time.app */;
			productType = "com.apple.product-type.application";
		};
/* End PBXNativeTarget section */

/* Begin PBXProject section */
		1CD24F2A247DCC170064B62F /* Project object */ = {
			isa = PBXProject;
			attributes = {
				LastSwiftUpdateCheck = 1150;
				LastUpgradeCheck = 1150;
				ORGANIZATIONNAME = "Gustavo Rigor";
				TargetAttributes = {
					1CD24F31247DCC170064B62F = {
						CreatedOnToolsVersion = 11.5;
					};
				};
			};
			buildConfigurationList = 1CD24F2D247DCC170064B62F /* Build configuration list for PBXProject "nano4" */;
			compatibilityVersion = "Xcode 9.3";
			developmentRegion = en;
			hasScannedForEncodings = 0;
			knownRegions = (
				en,
				Base,
			);
			mainGroup = 1CD24F29247DCC170064B62F;
			productRefGroup = 1CD24F33247DCC170064B62F /* Products */;
			projectDirPath = "";
			projectRoot = "";
			targets = (
				1CD24F31247DCC170064B62F /* nano4 */,
			);
		};
/* End PBXProject section */

/* Begin PBXResourcesBuildPhase section */
		1CD24F30247DCC170064B62F /* Resources */ = {
			isa = PBXResourcesBuildPhase;
			buildActionMask = 2147483647;
			files = (
				1CDD412724888D2C004A88DC /* TelaPrincipal.storyboard in Resources */,
				1CD24F45247DCC190064B62F /* LaunchScreen.storyboard in Resources */,
				E139525D2480332A00DDE2C7 /* CadastrarFilmeSerie.storyboard in Resources */,
				E188B5F424899167000CF64E /* Main.storyboard in Resources */,
				1CD24F42247DCC190064B62F /* Assets.xcassets in Resources */,
				1C2912F12486DA5D00C96A84 /* ConfigUsuario.storyboard in Resources */,
				E13952572480329E00DDE2C7 /* ListarFilmeSerie.storyboard in Resources */,
			);
			runOnlyForDeploymentPostprocessing = 0;
		};
/* End PBXResourcesBuildPhase section */

/* Begin PBXSourcesBuildPhase section */
		1CD24F2E247DCC170064B62F /* Sources */ = {
			isa = PBXSourcesBuildPhase;
			buildActionMask = 2147483647;
			files = (
				E1395259248032DD00DDE2C7 /* ListarFilmeSerieViewController.swift in Sources */,
				1C95EA3124818168001BE5E5 /* PrincipalViewController.swift in Sources */,
				1CD24F3A247DCC170064B62F /* ViewController.swift in Sources */,
				1CD24F36247DCC170064B62F /* AppDelegate.swift in Sources */,
				E188B5F224898399000CF64E /* CadastrarUsuarioViewController.swift in Sources */,
				1CC4B04B248AC8C800BC3CB7 /* AlterarNomeViewController.swift in Sources */,
				1CD24F40247DCC170064B62F /* nano4.xcdatamodeld in Sources */,
				E139525B2480331800DDE2C7 /* CadastrarFilmeSerieViewController.swift in Sources */,
				1CD24F9B247EEE410064B62F /* ExtensionImage.swift in Sources */,
				1CD24F38247DCC170064B62F /* SceneDelegate.swift in Sources */,
				1C2912F32486DD7300C96A84 /* ConfigUsuario.swift in Sources */,
			);
			runOnlyForDeploymentPostprocessing = 0;
		};
/* End PBXSourcesBuildPhase section */

/* Begin PBXVariantGroup section */
		1CD24F43247DCC190064B62F /* LaunchScreen.storyboard */ = {
			isa = PBXVariantGroup;
			children = (
				1CD24F44247DCC190064B62F /* Base */,
			);
			name = LaunchScreen.storyboard;
			sourceTree = "<group>";
		};
/* End PBXVariantGroup section */

/* Begin XCBuildConfiguration section */
		1CD24F47247DCC190064B62F /* Debug */ = {
			isa = XCBuildConfiguration;
			buildSettings = {
				ALWAYS_SEARCH_USER_PATHS = NO;
				CLANG_ANALYZER_NONNULL = YES;
				CLANG_ANALYZER_NUMBER_OBJECT_CONVERSION = YES_AGGRESSIVE;
				CLANG_CXX_LANGUAGE_STANDARD = "gnu++14";
				CLANG_CXX_LIBRARY = "libc++";
				CLANG_ENABLE_MODULES = YES;
				CLANG_ENABLE_OBJC_ARC = YES;
				CLANG_ENABLE_OBJC_WEAK = YES;
				CLANG_WARN_BLOCK_CAPTURE_AUTORELEASING = YES;
				CLANG_WARN_BOOL_CONVERSION = YES;
				CLANG_WARN_COMMA = YES;
				CLANG_WARN_CONSTANT_CONVERSION = YES;
				CLANG_WARN_DEPRECATED_OBJC_IMPLEMENTATIONS = YES;
				CLANG_WARN_DIRECT_OBJC_ISA_USAGE = YES_ERROR;
				CLANG_WARN_DOCUMENTATION_COMMENTS = YES;
				CLANG_WARN_EMPTY_BODY = YES;
				CLANG_WARN_ENUM_CONVERSION = YES;
				CLANG_WARN_INFINITE_RECURSION = YES;
				CLANG_WARN_INT_CONVERSION = YES;
				CLANG_WARN_NON_LITERAL_NULL_CONVERSION = YES;
				CLANG_WARN_OBJC_IMPLICIT_RETAIN_SELF = YES;
				CLANG_WARN_OBJC_LITERAL_CONVERSION = YES;
				CLANG_WARN_OBJC_ROOT_CLASS = YES_ERROR;
				CLANG_WARN_RANGE_LOOP_ANALYSIS = YES;
				CLANG_WARN_STRICT_PROTOTYPES = YES;
				CLANG_WARN_SUSPICIOUS_MOVE = YES;
				CLANG_WARN_UNGUARDED_AVAILABILITY = YES_AGGRESSIVE;
				CLANG_WARN_UNREACHABLE_CODE = YES;
				CLANG_WARN__DUPLICATE_METHOD_MATCH = YES;
				COPY_PHASE_STRIP = NO;
				DEBUG_INFORMATION_FORMAT = dwarf;
				ENABLE_STRICT_OBJC_MSGSEND = YES;
				ENABLE_TESTABILITY = YES;
				GCC_C_LANGUAGE_STANDARD = gnu11;
				GCC_DYNAMIC_NO_PIC = NO;
				GCC_NO_COMMON_BLOCKS = YES;
				GCC_OPTIMIZATION_LEVEL = 0;
				GCC_PREPROCESSOR_DEFINITIONS = (
					"DEBUG=1",
					"$(inherited)",
				);
				GCC_WARN_64_TO_32_BIT_CONVERSION = YES;
				GCC_WARN_ABOUT_RETURN_TYPE = YES_ERROR;
				GCC_WARN_UNDECLARED_SELECTOR = YES;
				GCC_WARN_UNINITIALIZED_AUTOS = YES_AGGRESSIVE;
				GCC_WARN_UNUSED_FUNCTION = YES;
				GCC_WARN_UNUSED_VARIABLE = YES;
				IPHONEOS_DEPLOYMENT_TARGET = 13.5;
				MTL_ENABLE_DEBUG_INFO = INCLUDE_SOURCE;
				MTL_FAST_MATH = YES;
				ONLY_ACTIVE_ARCH = YES;
				SDKROOT = iphoneos;
				SWIFT_ACTIVE_COMPILATION_CONDITIONS = DEBUG;
				SWIFT_OPTIMIZATION_LEVEL = "-Onone";
			};
			name = Debug;
		};
		1CD24F48247DCC190064B62F /* Release */ = {
			isa = XCBuildConfiguration;
			buildSettings = {
				ALWAYS_SEARCH_USER_PATHS = NO;
				CLANG_ANALYZER_NONNULL = YES;
				CLANG_ANALYZER_NUMBER_OBJECT_CONVERSION = YES_AGGRESSIVE;
				CLANG_CXX_LANGUAGE_STANDARD = "gnu++14";
				CLANG_CXX_LIBRARY = "libc++";
				CLANG_ENABLE_MODULES = YES;
				CLANG_ENABLE_OBJC_ARC = YES;
				CLANG_ENABLE_OBJC_WEAK = YES;
				CLANG_WARN_BLOCK_CAPTURE_AUTORELEASING = YES;
				CLANG_WARN_BOOL_CONVERSION = YES;
				CLANG_WARN_COMMA = YES;
				CLANG_WARN_CONSTANT_CONVERSION = YES;
				CLANG_WARN_DEPRECATED_OBJC_IMPLEMENTATIONS = YES;
				CLANG_WARN_DIRECT_OBJC_ISA_USAGE = YES_ERROR;
				CLANG_WARN_DOCUMENTATION_COMMENTS = YES;
				CLANG_WARN_EMPTY_BODY = YES;
				CLANG_WARN_ENUM_CONVERSION = YES;
				CLANG_WARN_INFINITE_RECURSION = YES;
				CLANG_WARN_INT_CONVERSION = YES;
				CLANG_WARN_NON_LITERAL_NULL_CONVERSION = YES;
				CLANG_WARN_OBJC_IMPLICIT_RETAIN_SELF = YES;
				CLANG_WARN_OBJC_LITERAL_CONVERSION = YES;
				CLANG_WARN_OBJC_ROOT_CLASS = YES_ERROR;
				CLANG_WARN_RANGE_LOOP_ANALYSIS = YES;
				CLANG_WARN_STRICT_PROTOTYPES = YES;
				CLANG_WARN_SUSPICIOUS_MOVE = YES;
				CLANG_WARN_UNGUARDED_AVAILABILITY = YES_AGGRESSIVE;
				CLANG_WARN_UNREACHABLE_CODE = YES;
				CLANG_WARN__DUPLICATE_METHOD_MATCH = YES;
				COPY_PHASE_STRIP = NO;
				DEBUG_INFORMATION_FORMAT = "dwarf-with-dsym";
				ENABLE_NS_ASSERTIONS = NO;
				ENABLE_STRICT_OBJC_MSGSEND = YES;
				GCC_C_LANGUAGE_STANDARD = gnu11;
				GCC_NO_COMMON_BLOCKS = YES;
				GCC_WARN_64_TO_32_BIT_CONVERSION = YES;
				GCC_WARN_ABOUT_RETURN_TYPE = YES_ERROR;
				GCC_WARN_UNDECLARED_SELECTOR = YES;
				GCC_WARN_UNINITIALIZED_AUTOS = YES_AGGRESSIVE;
				GCC_WARN_UNUSED_FUNCTION = YES;
				GCC_WARN_UNUSED_VARIABLE = YES;
				IPHONEOS_DEPLOYMENT_TARGET = 13.5;
				MTL_ENABLE_DEBUG_INFO = NO;
				MTL_FAST_MATH = YES;
				SDKROOT = iphoneos;
				SWIFT_COMPILATION_MODE = wholemodule;
				SWIFT_OPTIMIZATION_LEVEL = "-O";
				VALIDATE_PRODUCT = YES;
			};
			name = Release;
		};
		1CD24F4A247DCC190064B62F /* Debug */ = {
			isa = XCBuildConfiguration;
			buildSettings = {
				ASSETCATALOG_COMPILER_APPICON_NAME = AppIcon;
				CODE_SIGN_STYLE = Automatic;
				INFOPLIST_FILE = nano4/Info.plist;
				LD_RUNPATH_SEARCH_PATHS = (
					"$(inherited)",
					"@executable_path/Frameworks",
				);
				PRODUCT_BUNDLE_IDENTIFIER = t1.nano4;
				PRODUCT_NAME = "Watch Time";
				SWIFT_VERSION = 5.0;
				TARGETED_DEVICE_FAMILY = "1,2";
			};
			name = Debug;
		};
		1CD24F4B247DCC190064B62F /* Release */ = {
			isa = XCBuildConfiguration;
			buildSettings = {
				ASSETCATALOG_COMPILER_APPICON_NAME = AppIcon;
				CODE_SIGN_STYLE = Automatic;
				INFOPLIST_FILE = nano4/Info.plist;
				LD_RUNPATH_SEARCH_PATHS = (
					"$(inherited)",
					"@executable_path/Frameworks",
				);
				PRODUCT_BUNDLE_IDENTIFIER = t1.nano4;
				PRODUCT_NAME = "Watch Time";
				SWIFT_VERSION = 5.0;
				TARGETED_DEVICE_FAMILY = "1,2";
			};
			name = Release;
		};
/* End XCBuildConfiguration section */

/* Begin XCConfigurationList section */
		1CD24F2D247DCC170064B62F /* Build configuration list for PBXProject "nano4" */ = {
			isa = XCConfigurationList;
			buildConfigurations = (
				1CD24F47247DCC190064B62F /* Debug */,
				1CD24F48247DCC190064B62F /* Release */,
			);
			defaultConfigurationIsVisible = 0;
			defaultConfigurationName = Release;
		};
		1CD24F49247DCC190064B62F /* Build configuration list for PBXNativeTarget "nano4" */ = {
			isa = XCConfigurationList;
			buildConfigurations = (
				1CD24F4A247DCC190064B62F /* Debug */,
				1CD24F4B247DCC190064B62F /* Release */,
			);
			defaultConfigurationIsVisible = 0;
			defaultConfigurationName = Release;
		};
/* End XCConfigurationList section */

/* Begin XCVersionGroup section */
		1CD24F3E247DCC170064B62F /* nano4.xcdatamodeld */ = {
			isa = XCVersionGroup;
			children = (
				1CD24F3F247DCC170064B62F /* nano4.xcdatamodel */,
			);
			currentVersion = 1CD24F3F247DCC170064B62F /* nano4.xcdatamodel */;
			path = nano4.xcdatamodeld;
			sourceTree = "<group>";
			versionGroupType = wrapper.xcdatamodel;
		};
/* End XCVersionGroup section */
	};
	rootObject = 1CD24F2A247DCC170064B62F /* Project object */;
}
